
Microsoft Visual Studio Solution File, Format Version 12.00
# Visual Studio Version 17
VisualStudioVersion = 17.0.31903.59
MinimumVisualStudioVersion = 10.0.40219.1
Project("{FAE04EC0-301F-11D3-BF4B-00C04F79EFBC}") = "Todolab.Presentation", "src\Todolab.Presentation\Todolab.Presentation.csproj", "{5A439609-10E2-454B-B0BC-5124E8E4D47D}"
EndProject
Project("{2150E333-8FDC-42A3-9474-1A3956D46DE8}") = "src", "src", "{493ABCED-98C9-487C-9E06-5BB7610D6937}"
EndProject
Project("{FAE04EC0-301F-11D3-BF4B-00C04F79EFBC}") = "Todolab.Infrastructure", "src\Todolab.Infrastructure\Todolab.Infrastructure.csproj", "{DB066C4F-05F4-4531-9D2C-64CB52B31FC8}"
EndProject
Project("{FAE04EC0-301F-11D3-BF4B-00C04F79EFBC}") = "Todolab.UseCases", "src\Todolab.UseCases\Todolab.UseCases.csproj", "{AAB19228-AABF-425E-B597-1517C8139AB4}"
EndProject
Project("{FAE04EC0-301F-11D3-BF4B-00C04F79EFBC}") = "Todolab.Core", "src\Todolab.Core\Todolab.Core.csproj", "{C199F233-17B3-4CAF-AEE5-644B0ED59DAC}"
EndProject
Project("{2150E333-8FDC-42A3-9474-1A3956D46DE8}") = "tests", "tests", "{8D9343F9-6CFF-42C9-B868-C2D8A7F98E38}"
EndProject
Project("{FAE04EC0-301F-11D3-BF4B-00C04F79EFBC}") = "Todolab.UnitTests", "tests\Todolab.UnitTests\Todolab.UnitTests.csproj", "{D821975D-AF87-4763-891E-030D2D05C619}"
EndProject
Project("{FAE04EC0-301F-11D3-BF4B-00C04F79EFBC}") = "Todolab.FunctionalTests", "tests\Todolab.FunctionalTests\Todolab.FunctionalTests.csproj", "{B7E27424-AD8B-426B-AFE5-7A567AEB7EB3}"
EndProject
Global
	GlobalSection(SolutionConfigurationPlatforms) = preSolution
		Debug|Any CPU = Debug|Any CPU
		Release|Any CPU = Release|Any CPU
	EndGlobalSection
	GlobalSection(ProjectConfigurationPlatforms) = postSolution
		{5A439609-10E2-454B-B0BC-5124E8E4D47D}.Debug|Any CPU.ActiveCfg = Debug|Any CPU
		{5A439609-10E2-454B-B0BC-5124E8E4D47D}.Debug|Any CPU.Build.0 = Debug|Any CPU
		{5A439609-10E2-454B-B0BC-5124E8E4D47D}.Release|Any CPU.ActiveCfg = Release|Any CPU
		{5A439609-10E2-454B-B0BC-5124E8E4D47D}.Release|Any CPU.Build.0 = Release|Any CPU
		{DB066C4F-05F4-4531-9D2C-64CB52B31FC8}.Debug|Any CPU.ActiveCfg = Debug|Any CPU
		{DB066C4F-05F4-4531-9D2C-64CB52B31FC8}.Debug|Any CPU.Build.0 = Debug|Any CPU
		{DB066C4F-05F4-4531-9D2C-64CB52B31FC8}.Release|Any CPU.ActiveCfg = Release|Any CPU
		{DB066C4F-05F4-4531-9D2C-64CB52B31FC8}.Release|Any CPU.Build.0 = Release|Any CPU
		{AAB19228-AABF-425E-B597-1517C8139AB4}.Debug|Any CPU.ActiveCfg = Debug|Any CPU
		{AAB19228-AABF-425E-B597-1517C8139AB4}.Debug|Any CPU.Build.0 = Debug|Any CPU
		{AAB19228-AABF-425E-B597-1517C8139AB4}.Release|Any CPU.ActiveCfg = Release|Any CPU
		{AAB19228-AABF-425E-B597-1517C8139AB4}.Release|Any CPU.Build.0 = Release|Any CPU
		{C199F233-17B3-4CAF-AEE5-644B0ED59DAC}.Debug|Any CPU.ActiveCfg = Debug|Any CPU
		{C199F233-17B3-4CAF-AEE5-644B0ED59DAC}.Debug|Any CPU.Build.0 = Debug|Any CPU
		{C199F233-17B3-4CAF-AEE5-644B0ED59DAC}.Release|Any CPU.ActiveCfg = Release|Any CPU
		{C199F233-17B3-4CAF-AEE5-644B0ED59DAC}.Release|Any CPU.Build.0 = Release|Any CPU
		{D821975D-AF87-4763-891E-030D2D05C619}.Debug|Any CPU.ActiveCfg = Debug|Any CPU
		{D821975D-AF87-4763-891E-030D2D05C619}.Debug|Any CPU.Build.0 = Debug|Any CPU
		{D821975D-AF87-4763-891E-030D2D05C619}.Release|Any CPU.ActiveCfg = Release|Any CPU
		{D821975D-AF87-4763-891E-030D2D05C619}.Release|Any CPU.Build.0 = Release|Any CPU
		{B7E27424-AD8B-426B-AFE5-7A567AEB7EB3}.Debug|Any CPU.ActiveCfg = Debug|Any CPU
		{B7E27424-AD8B-426B-AFE5-7A567AEB7EB3}.Debug|Any CPU.Build.0 = Debug|Any CPU
		{B7E27424-AD8B-426B-AFE5-7A567AEB7EB3}.Release|Any CPU.ActiveCfg = Release|Any CPU
		{B7E27424-AD8B-426B-AFE5-7A567AEB7EB3}.Release|Any CPU.Build.0 = Release|Any CPU
	EndGlobalSection
	GlobalSection(SolutionProperties) = preSolution
		HideSolutionNode = FALSE
	EndGlobalSection
	GlobalSection(NestedProjects) = preSolution
		{5A439609-10E2-454B-B0BC-5124E8E4D47D} = {493ABCED-98C9-487C-9E06-5BB7610D6937}
		{DB066C4F-05F4-4531-9D2C-64CB52B31FC8} = {493ABCED-98C9-487C-9E06-5BB7610D6937}
		{AAB19228-AABF-425E-B597-1517C8139AB4} = {493ABCED-98C9-487C-9E06-5BB7610D6937}
		{C199F233-17B3-4CAF-AEE5-644B0ED59DAC} = {493ABCED-98C9-487C-9E06-5BB7610D6937}
		{D821975D-AF87-4763-891E-030D2D05C619} = {8D9343F9-6CFF-42C9-B868-C2D8A7F98E38}
		{B7E27424-AD8B-426B-AFE5-7A567AEB7EB3} = {8D9343F9-6CFF-42C9-B868-C2D8A7F98E38}
	EndGlobalSection
EndGlobal
